
Microsoft Visual Studio Solution File, Format Version 12.00
# Visual Studio 2013
VisualStudioVersion = 12.0.30110.0
MinimumVisualStudioVersion = 10.0.40219.1
Project("{8BC9CEB8-8B4A-11D0-8D11-00A0C91BC942}") = "FirstProgram", "FirstProgram\FirstProgram.vcxproj", "{2E58B98B-AFBE-469F-871A-6E728341C8B1}"
EndProject
Project("{8BC9CEB8-8B4A-11D0-8D11-00A0C91BC942}") = "Variable1", "Variable1\Variable1.vcxproj", "{49D64BC8-5CE0-4C59-ACC0-9FC81BCBCB95}"
EndProject
Project("{8BC9CEB8-8B4A-11D0-8D11-00A0C91BC942}") = "Quiz2", "Quiz2\Quiz2.vcxproj", "{07A17E13-B640-4524-A241-072650E2BC5E}"
EndProject
Project("{8BC9CEB8-8B4A-11D0-8D11-00A0C91BC942}") = "Quiz3", "Quiz3\Quiz3.vcxproj", "{45591A6D-24C2-4F46-8C07-D5239C6BF43F}"
EndProject
Project("{8BC9CEB8-8B4A-11D0-8D11-00A0C91BC942}") = "DistanceConvert", "DistanceConvert\DistanceConvert.vcxproj", "{29C7EDD1-7BE8-4877-9431-8277623E6AA3}"
EndProject
Project("{8BC9CEB8-8B4A-11D0-8D11-00A0C91BC942}") = "Quiz4", "Quiz4\Quiz4.vcxproj", "{9E42F1E4-9994-470F-9A62-93607A669CB1}"
EndProject
Project("{8BC9CEB8-8B4A-11D0-8D11-00A0C91BC942}") = "DivideByZero", "DivideByZero\DivideByZero.vcxproj", "{F32D55E8-FB0F-45D5-81B2-D08C085444FF}"
EndProject
Project("{8BC9CEB8-8B4A-11D0-8D11-00A0C91BC942}") = "Quiz5", "Quiz5\Quiz5.vcxproj", "{B5E045AF-6603-4320-97F2-CAC2F463C115}"
EndProject
Project("{8BC9CEB8-8B4A-11D0-8D11-00A0C91BC942}") = "DivideByZero2", "DivideByZero2\DivideByZero2.vcxproj", "{F929A7E3-1E86-43C6-8E1B-EFBF1548E05B}"
EndProject
Project("{8BC9CEB8-8B4A-11D0-8D11-00A0C91BC942}") = "number_to_text", "number_to_text\number_to_text.vcxproj", "{97C027CD-A311-45FA-93FC-89731C9A8BD4}"
EndProject
Project("{8BC9CEB8-8B4A-11D0-8D11-00A0C91BC942}") = "binaryconversion", "binaryconversion\binaryconversion.vcxproj", "{7DF247CE-A1A1-4078-9BBD-0096C13E7485}"
EndProject
Project("{8BC9CEB8-8B4A-11D0-8D11-00A0C91BC942}") = "simplerbinaryconversion", "simplerbinaryconversion\simplerbinaryconversion.vcxproj", "{B4393147-A2B6-4300-B0BC-83A7D837A0C1}"
EndProject
Project("{8BC9CEB8-8B4A-11D0-8D11-00A0C91BC942}") = "Quiz6", "Quiz6\Quiz6.vcxproj", "{A724933B-DA44-4DCF-A665-09E6F5996373}"
EndProject
Project("{8BC9CEB8-8B4A-11D0-8D11-00A0C91BC942}") = "decimalconversion", "decimalconversion\decimalconversion.vcxproj", "{4A2D6C4D-1D3D-4FA2-813B-36872B506310}"
EndProject
Project("{8BC9CEB8-8B4A-11D0-8D11-00A0C91BC942}") = "Quiz7", "Quiz7\Quiz7.vcxproj", "{312AFFA5-8820-4799-98E3-3ECF46D273BB}"
EndProject
Project("{8BC9CEB8-8B4A-11D0-8D11-00A0C91BC942}") = "otherdecimalconversion", "otherdecimalconversion\otherdecimalconversion.vcxproj", "{BC4921CC-AE75-4B8B-908A-71D96AD35DD2}"
EndProject
Project("{8BC9CEB8-8B4A-11D0-8D11-00A0C91BC942}") = "Quiz8", "Quiz8\Quiz8.vcxproj", "{A89C76FC-DB00-4D1D-930C-0DA0BDF83CA8}"
EndProject
Project("{8BC9CEB8-8B4A-11D0-8D11-00A0C91BC942}") = "CountToTen-1", "CountToTen-1\CountToTen-1.vcxproj", "{EF79C72E-8CD3-4E2D-AEC8-F5429DE2014F}"
EndProject
Project("{8BC9CEB8-8B4A-11D0-8D11-00A0C91BC942}") = "CountToTen-2", "CountToTen-2\CountToTen-2.vcxproj", "{6F53C7B7-4E6B-451A-8FA9-41A73540D92D}"
EndProject
Project("{8BC9CEB8-8B4A-11D0-8D11-00A0C91BC942}") = "AverageInputs", "AverageInputs\AverageInputs.vcxproj", "{0D5723FA-2207-478F-8DA0-1393CA33823D}"
EndProject
Project("{8BC9CEB8-8B4A-11D0-8D11-00A0C91BC942}") = "Quiz9", "Quiz9\Quiz9.vcxproj", "{2058ED6F-57B6-43BA-8966-A6D4A2F26F3A}"
EndProject
Project("{8BC9CEB8-8B4A-11D0-8D11-00A0C91BC942}") = "IsItPrime", "IsItPrime\IsItPrime.vcxproj", "{D531A88A-9680-4111-BBEB-BFCFDAFA2A85}"
EndProject
Project("{8BC9CEB8-8B4A-11D0-8D11-00A0C91BC942}") = "Quiz10", "Quiz10\Quiz10.vcxproj", "{81F27C03-DB52-4296-B018-2278EE242857}"
EndProject
Project("{8BC9CEB8-8B4A-11D0-8D11-00A0C91BC942}") = "Quiz11", "Quiz11\Quiz11.vcxproj", "{C3A00D8A-F4D9-4934-B15A-25E1C53FBD67}"
EndProject
Project("{8BC9CEB8-8B4A-11D0-8D11-00A0C91BC942}") = "CountToTen3", "CountToTen3\CountToTen3.vcxproj", "{1D3F5697-3F74-48E7-90F8-11B7CF43AAC0}"
EndProject
Project("{8BC9CEB8-8B4A-11D0-8D11-00A0C91BC942}") = "timestable", "timestable\timestable.vcxproj", "{1C068B67-E31D-4930-99AA-DA958DDB9546}"
EndProject
Project("{8BC9CEB8-8B4A-11D0-8D11-00A0C91BC942}") = "MenuDriven", "MenuDriven\MenuDriven.vcxproj", "{27E1F011-3834-4400-B763-6CB665C267B2}"
EndProject
Project("{8BC9CEB8-8B4A-11D0-8D11-00A0C91BC942}") = "MenuDriven2", "MenuDriven2\MenuDriven2.vcxproj", "{44013CDB-CF41-406E-A773-0374194CC4FA}"
EndProject
Project("{8BC9CEB8-8B4A-11D0-8D11-00A0C91BC942}") = "MenuDriven3", "MenuDriven3\MenuDriven3.vcxproj", "{5CF1666D-E952-4D38-9625-A4062AE2068E}"
EndProject
Project("{8BC9CEB8-8B4A-11D0-8D11-00A0C91BC942}") = "DotConnect3x3_text", "DotConnect3x3_text\DotConnect3x3_text.vcxproj", "{94686F43-6E7F-4BB5-ACCE-F62ADE5D0176}"
EndProject
Project("{8BC9CEB8-8B4A-11D0-8D11-00A0C91BC942}") = "DotConnect3x3_graphical", "DotConnect3x3_graphical\DotConnect3x3_graphical.vcxproj", "{8E157D28-78E5-4624-96FB-7A0E50665B9F}"
EndProject
Project("{8BC9CEB8-8B4A-11D0-8D11-00A0C91BC942}") = "MenuDrven4", "MenuDrven4\MenuDrven4.vcxproj", "{97FD1B91-AFB6-4926-999B-077B7521EDFD}"
EndProject
Global
	GlobalSection(SolutionConfigurationPlatforms) = preSolution
		Debug|Win32 = Debug|Win32
		Release|Win32 = Release|Win32
	EndGlobalSection
	GlobalSection(ProjectConfigurationPlatforms) = postSolution
		{2E58B98B-AFBE-469F-871A-6E728341C8B1}.Debug|Win32.ActiveCfg = Debug|Win32
		{2E58B98B-AFBE-469F-871A-6E728341C8B1}.Debug|Win32.Build.0 = Debug|Win32
		{2E58B98B-AFBE-469F-871A-6E728341C8B1}.Release|Win32.ActiveCfg = Release|Win32
		{2E58B98B-AFBE-469F-871A-6E728341C8B1}.Release|Win32.Build.0 = Release|Win32
		{49D64BC8-5CE0-4C59-ACC0-9FC81BCBCB95}.Debug|Win32.ActiveCfg = Debug|Win32
		{49D64BC8-5CE0-4C59-ACC0-9FC81BCBCB95}.Debug|Win32.Build.0 = Debug|Win32
		{49D64BC8-5CE0-4C59-ACC0-9FC81BCBCB95}.Release|Win32.ActiveCfg = Release|Win32
		{49D64BC8-5CE0-4C59-ACC0-9FC81BCBCB95}.Release|Win32.Build.0 = Release|Win32
		{07A17E13-B640-4524-A241-072650E2BC5E}.Debug|Win32.ActiveCfg = Debug|Win32
		{07A17E13-B640-4524-A241-072650E2BC5E}.Debug|Win32.Build.0 = Debug|Win32
		{07A17E13-B640-4524-A241-072650E2BC5E}.Release|Win32.ActiveCfg = Release|Win32
		{07A17E13-B640-4524-A241-072650E2BC5E}.Release|Win32.Build.0 = Release|Win32
		{45591A6D-24C2-4F46-8C07-D5239C6BF43F}.Debug|Win32.ActiveCfg = Debug|Win32
		{45591A6D-24C2-4F46-8C07-D5239C6BF43F}.Debug|Win32.Build.0 = Debug|Win32
		{45591A6D-24C2-4F46-8C07-D5239C6BF43F}.Release|Win32.ActiveCfg = Release|Win32
		{45591A6D-24C2-4F46-8C07-D5239C6BF43F}.Release|Win32.Build.0 = Release|Win32
		{29C7EDD1-7BE8-4877-9431-8277623E6AA3}.Debug|Win32.ActiveCfg = Debug|Win32
		{29C7EDD1-7BE8-4877-9431-8277623E6AA3}.Debug|Win32.Build.0 = Debug|Win32
		{29C7EDD1-7BE8-4877-9431-8277623E6AA3}.Release|Win32.ActiveCfg = Release|Win32
		{29C7EDD1-7BE8-4877-9431-8277623E6AA3}.Release|Win32.Build.0 = Release|Win32
		{9E42F1E4-9994-470F-9A62-93607A669CB1}.Debug|Win32.ActiveCfg = Debug|Win32
		{9E42F1E4-9994-470F-9A62-93607A669CB1}.Debug|Win32.Build.0 = Debug|Win32
		{9E42F1E4-9994-470F-9A62-93607A669CB1}.Release|Win32.ActiveCfg = Release|Win32
		{9E42F1E4-9994-470F-9A62-93607A669CB1}.Release|Win32.Build.0 = Release|Win32
		{F32D55E8-FB0F-45D5-81B2-D08C085444FF}.Debug|Win32.ActiveCfg = Debug|Win32
		{F32D55E8-FB0F-45D5-81B2-D08C085444FF}.Debug|Win32.Build.0 = Debug|Win32
		{F32D55E8-FB0F-45D5-81B2-D08C085444FF}.Release|Win32.ActiveCfg = Release|Win32
		{F32D55E8-FB0F-45D5-81B2-D08C085444FF}.Release|Win32.Build.0 = Release|Win32
		{B5E045AF-6603-4320-97F2-CAC2F463C115}.Debug|Win32.ActiveCfg = Debug|Win32
		{B5E045AF-6603-4320-97F2-CAC2F463C115}.Debug|Win32.Build.0 = Debug|Win32
		{B5E045AF-6603-4320-97F2-CAC2F463C115}.Release|Win32.ActiveCfg = Release|Win32
		{B5E045AF-6603-4320-97F2-CAC2F463C115}.Release|Win32.Build.0 = Release|Win32
		{F929A7E3-1E86-43C6-8E1B-EFBF1548E05B}.Debug|Win32.ActiveCfg = Debug|Win32
		{F929A7E3-1E86-43C6-8E1B-EFBF1548E05B}.Debug|Win32.Build.0 = Debug|Win32
		{F929A7E3-1E86-43C6-8E1B-EFBF1548E05B}.Release|Win32.ActiveCfg = Release|Win32
		{F929A7E3-1E86-43C6-8E1B-EFBF1548E05B}.Release|Win32.Build.0 = Release|Win32
		{97C027CD-A311-45FA-93FC-89731C9A8BD4}.Debug|Win32.ActiveCfg = Debug|Win32
		{97C027CD-A311-45FA-93FC-89731C9A8BD4}.Debug|Win32.Build.0 = Debug|Win32
		{97C027CD-A311-45FA-93FC-89731C9A8BD4}.Release|Win32.ActiveCfg = Release|Win32
		{97C027CD-A311-45FA-93FC-89731C9A8BD4}.Release|Win32.Build.0 = Release|Win32
		{7DF247CE-A1A1-4078-9BBD-0096C13E7485}.Debug|Win32.ActiveCfg = Debug|Win32
		{7DF247CE-A1A1-4078-9BBD-0096C13E7485}.Debug|Win32.Build.0 = Debug|Win32
		{7DF247CE-A1A1-4078-9BBD-0096C13E7485}.Release|Win32.ActiveCfg = Release|Win32
		{7DF247CE-A1A1-4078-9BBD-0096C13E7485}.Release|Win32.Build.0 = Release|Win32
		{B4393147-A2B6-4300-B0BC-83A7D837A0C1}.Debug|Win32.ActiveCfg = Debug|Win32
		{B4393147-A2B6-4300-B0BC-83A7D837A0C1}.Debug|Win32.Build.0 = Debug|Win32
		{B4393147-A2B6-4300-B0BC-83A7D837A0C1}.Release|Win32.ActiveCfg = Release|Win32
		{B4393147-A2B6-4300-B0BC-83A7D837A0C1}.Release|Win32.Build.0 = Release|Win32
		{A724933B-DA44-4DCF-A665-09E6F5996373}.Debug|Win32.ActiveCfg = Debug|Win32
		{A724933B-DA44-4DCF-A665-09E6F5996373}.Debug|Win32.Build.0 = Debug|Win32
		{A724933B-DA44-4DCF-A665-09E6F5996373}.Release|Win32.ActiveCfg = Release|Win32
		{A724933B-DA44-4DCF-A665-09E6F5996373}.Release|Win32.Build.0 = Release|Win32
		{4A2D6C4D-1D3D-4FA2-813B-36872B506310}.Debug|Win32.ActiveCfg = Debug|Win32
		{4A2D6C4D-1D3D-4FA2-813B-36872B506310}.Debug|Win32.Build.0 = Debug|Win32
		{4A2D6C4D-1D3D-4FA2-813B-36872B506310}.Release|Win32.ActiveCfg = Release|Win32
		{4A2D6C4D-1D3D-4FA2-813B-36872B506310}.Release|Win32.Build.0 = Release|Win32
		{312AFFA5-8820-4799-98E3-3ECF46D273BB}.Debug|Win32.ActiveCfg = Debug|Win32
		{312AFFA5-8820-4799-98E3-3ECF46D273BB}.Debug|Win32.Build.0 = Debug|Win32
		{312AFFA5-8820-4799-98E3-3ECF46D273BB}.Release|Win32.ActiveCfg = Release|Win32
		{312AFFA5-8820-4799-98E3-3ECF46D273BB}.Release|Win32.Build.0 = Release|Win32
		{BC4921CC-AE75-4B8B-908A-71D96AD35DD2}.Debug|Win32.ActiveCfg = Debug|Win32
		{BC4921CC-AE75-4B8B-908A-71D96AD35DD2}.Debug|Win32.Build.0 = Debug|Win32
		{BC4921CC-AE75-4B8B-908A-71D96AD35DD2}.Release|Win32.ActiveCfg = Release|Win32
		{BC4921CC-AE75-4B8B-908A-71D96AD35DD2}.Release|Win32.Build.0 = Release|Win32
		{A89C76FC-DB00-4D1D-930C-0DA0BDF83CA8}.Debug|Win32.ActiveCfg = Debug|Win32
		{A89C76FC-DB00-4D1D-930C-0DA0BDF83CA8}.Debug|Win32.Build.0 = Debug|Win32
		{A89C76FC-DB00-4D1D-930C-0DA0BDF83CA8}.Release|Win32.ActiveCfg = Release|Win32
		{A89C76FC-DB00-4D1D-930C-0DA0BDF83CA8}.Release|Win32.Build.0 = Release|Win32
		{EF79C72E-8CD3-4E2D-AEC8-F5429DE2014F}.Debug|Win32.ActiveCfg = Debug|Win32
		{EF79C72E-8CD3-4E2D-AEC8-F5429DE2014F}.Debug|Win32.Build.0 = Debug|Win32
		{EF79C72E-8CD3-4E2D-AEC8-F5429DE2014F}.Release|Win32.ActiveCfg = Release|Win32
		{EF79C72E-8CD3-4E2D-AEC8-F5429DE2014F}.Release|Win32.Build.0 = Release|Win32
		{6F53C7B7-4E6B-451A-8FA9-41A73540D92D}.Debug|Win32.ActiveCfg = Debug|Win32
		{6F53C7B7-4E6B-451A-8FA9-41A73540D92D}.Debug|Win32.Build.0 = Debug|Win32
		{6F53C7B7-4E6B-451A-8FA9-41A73540D92D}.Release|Win32.ActiveCfg = Release|Win32
		{6F53C7B7-4E6B-451A-8FA9-41A73540D92D}.Release|Win32.Build.0 = Release|Win32
		{0D5723FA-2207-478F-8DA0-1393CA33823D}.Debug|Win32.ActiveCfg = Debug|Win32
		{0D5723FA-2207-478F-8DA0-1393CA33823D}.Debug|Win32.Build.0 = Debug|Win32
		{0D5723FA-2207-478F-8DA0-1393CA33823D}.Release|Win32.ActiveCfg = Release|Win32
		{0D5723FA-2207-478F-8DA0-1393CA33823D}.Release|Win32.Build.0 = Release|Win32
		{2058ED6F-57B6-43BA-8966-A6D4A2F26F3A}.Debug|Win32.ActiveCfg = Debug|Win32
		{2058ED6F-57B6-43BA-8966-A6D4A2F26F3A}.Debug|Win32.Build.0 = Debug|Win32
		{2058ED6F-57B6-43BA-8966-A6D4A2F26F3A}.Release|Win32.ActiveCfg = Release|Win32
		{2058ED6F-57B6-43BA-8966-A6D4A2F26F3A}.Release|Win32.Build.0 = Release|Win32
		{D531A88A-9680-4111-BBEB-BFCFDAFA2A85}.Debug|Win32.ActiveCfg = Debug|Win32
		{D531A88A-9680-4111-BBEB-BFCFDAFA2A85}.Debug|Win32.Build.0 = Debug|Win32
		{D531A88A-9680-4111-BBEB-BFCFDAFA2A85}.Release|Win32.ActiveCfg = Release|Win32
		{D531A88A-9680-4111-BBEB-BFCFDAFA2A85}.Release|Win32.Build.0 = Release|Win32
		{81F27C03-DB52-4296-B018-2278EE242857}.Debug|Win32.ActiveCfg = Debug|Win32
		{81F27C03-DB52-4296-B018-2278EE242857}.Debug|Win32.Build.0 = Debug|Win32
		{81F27C03-DB52-4296-B018-2278EE242857}.Release|Win32.ActiveCfg = Release|Win32
		{81F27C03-DB52-4296-B018-2278EE242857}.Release|Win32.Build.0 = Release|Win32
		{C3A00D8A-F4D9-4934-B15A-25E1C53FBD67}.Debug|Win32.ActiveCfg = Debug|Win32
		{C3A00D8A-F4D9-4934-B15A-25E1C53FBD67}.Debug|Win32.Build.0 = Debug|Win32
		{C3A00D8A-F4D9-4934-B15A-25E1C53FBD67}.Release|Win32.ActiveCfg = Release|Win32
		{C3A00D8A-F4D9-4934-B15A-25E1C53FBD67}.Release|Win32.Build.0 = Release|Win32
		{1D3F5697-3F74-48E7-90F8-11B7CF43AAC0}.Debug|Win32.ActiveCfg = Debug|Win32
		{1D3F5697-3F74-48E7-90F8-11B7CF43AAC0}.Debug|Win32.Build.0 = Debug|Win32
		{1D3F5697-3F74-48E7-90F8-11B7CF43AAC0}.Release|Win32.ActiveCfg = Release|Win32
		{1D3F5697-3F74-48E7-90F8-11B7CF43AAC0}.Release|Win32.Build.0 = Release|Win32
		{1C068B67-E31D-4930-99AA-DA958DDB9546}.Debug|Win32.ActiveCfg = Debug|Win32
		{1C068B67-E31D-4930-99AA-DA958DDB9546}.Debug|Win32.Build.0 = Debug|Win32
		{1C068B67-E31D-4930-99AA-DA958DDB9546}.Release|Win32.ActiveCfg = Release|Win32
		{1C068B67-E31D-4930-99AA-DA958DDB9546}.Release|Win32.Build.0 = Release|Win32
		{27E1F011-3834-4400-B763-6CB665C267B2}.Debug|Win32.ActiveCfg = Debug|Win32
		{27E1F011-3834-4400-B763-6CB665C267B2}.Debug|Win32.Build.0 = Debug|Win32
		{27E1F011-3834-4400-B763-6CB665C267B2}.Release|Win32.ActiveCfg = Release|Win32
		{27E1F011-3834-4400-B763-6CB665C267B2}.Release|Win32.Build.0 = Release|Win32
		{44013CDB-CF41-406E-A773-0374194CC4FA}.Debug|Win32.ActiveCfg = Debug|Win32
		{44013CDB-CF41-406E-A773-0374194CC4FA}.Debug|Win32.Build.0 = Debug|Win32
		{44013CDB-CF41-406E-A773-0374194CC4FA}.Release|Win32.ActiveCfg = Release|Win32
		{44013CDB-CF41-406E-A773-0374194CC4FA}.Release|Win32.Build.0 = Release|Win32
		{5CF1666D-E952-4D38-9625-A4062AE2068E}.Debug|Win32.ActiveCfg = Debug|Win32
		{5CF1666D-E952-4D38-9625-A4062AE2068E}.Debug|Win32.Build.0 = Debug|Win32
		{5CF1666D-E952-4D38-9625-A4062AE2068E}.Release|Win32.ActiveCfg = Release|Win32
		{5CF1666D-E952-4D38-9625-A4062AE2068E}.Release|Win32.Build.0 = Release|Win32
		{94686F43-6E7F-4BB5-ACCE-F62ADE5D0176}.Debug|Win32.ActiveCfg = Debug|Win32
		{94686F43-6E7F-4BB5-ACCE-F62ADE5D0176}.Debug|Win32.Build.0 = Debug|Win32
		{94686F43-6E7F-4BB5-ACCE-F62ADE5D0176}.Release|Win32.ActiveCfg = Release|Win32
		{94686F43-6E7F-4BB5-ACCE-F62ADE5D0176}.Release|Win32.Build.0 = Release|Win32
		{8E157D28-78E5-4624-96FB-7A0E50665B9F}.Debug|Win32.ActiveCfg = Debug|Win32
		{8E157D28-78E5-4624-96FB-7A0E50665B9F}.Debug|Win32.Build.0 = Debug|Win32
		{8E157D28-78E5-4624-96FB-7A0E50665B9F}.Release|Win32.ActiveCfg = Release|Win32
		{8E157D28-78E5-4624-96FB-7A0E50665B9F}.Release|Win32.Build.0 = Release|Win32
		{97FD1B91-AFB6-4926-999B-077B7521EDFD}.Debug|Win32.ActiveCfg = Debug|Win32
		{97FD1B91-AFB6-4926-999B-077B7521EDFD}.Debug|Win32.Build.0 = Debug|Win32
		{97FD1B91-AFB6-4926-999B-077B7521EDFD}.Release|Win32.ActiveCfg = Release|Win32
		{97FD1B91-AFB6-4926-999B-077B7521EDFD}.Release|Win32.Build.0 = Release|Win32
	EndGlobalSection
	GlobalSection(SolutionProperties) = preSolution
		HideSolutionNode = FALSE
	EndGlobalSection
EndGlobal
